packages:
  - package: dbt-labs/dbt_utils
    version: 1.3.0
  - package: calogica/dbt_expectations
    version: 0.10.4
  - package: dbt-labs/codegen
    version: 0.12.1
  - local: include/catalog/sources/aecom
  - local: include/catalog/ftd_consensus
  - local: include/catalog/tgt_consensus_a
  - package: calogica/dbt_date
    version: 0.10.1
sha1_hash: 6556bfeb78ec1747e1efc0a70982ebf620d84646
